
Microsoft Visual Studio Solution File, Format Version 12.00
# Visual Studio Version 16
VisualStudioVersion = 16.0.30621.155
MinimumVisualStudioVersion = 10.0.40219.1
Project("{8BC9CEB8-8B4A-11D0-8D11-00A0C91BC942}") = "Demo1_CylinderExample", "Demo1_CylinderExample\Demo1_CylinderExample.vcxproj", "{44DEA5F3-99FE-48B1-8237-8DD795B1FAD8}"
EndProject
Project("{8BC9CEB8-8B4A-11D0-8D11-00A0C91BC942}") = "Demo2_AboutMath", "Demo2_AboutMath\Demo2_AboutMath.vcxproj", "{F0408112-D140-4AD4-84B5-DE77ABA83C1C}"
EndProject
Project("{8BC9CEB8-8B4A-11D0-8D11-00A0C91BC942}") = "Demo3_Simpleness", "Demo3_Simpleness\Demo3_Simpleness.vcxproj", "{D7FFC51A-9A83-471C-ABD5-F7301BF7B8C1}"
EndProject
Project("{8BC9CEB8-8B4A-11D0-8D11-00A0C91BC942}") = "Demo4_JPGViewer", "Demo4_JPGViewer\Demo4_JPGViewer.vcxproj", "{C89FFA62-7911-4517-8EAB-E6A33FA131C8}"
EndProject
Project("{8BC9CEB8-8B4A-11D0-8D11-00A0C91BC942}") = "Demo0_QtWidgetsVTKTest", "Demo0_QtWidgetsVTKTest\Demo0_QtWidgetsVTKTest.vcxproj", "{D220E05B-5F25-48B2-8316-B466572C417C}"
EndProject
Project("{8BC9CEB8-8B4A-11D0-8D11-00A0C91BC942}") = "Demo5_Texture", "Demo5_Texture\Demo5_Texture.vcxproj", "{5621E04E-F60A-46DB-AF47-4BDE3D5EACE9}"
EndProject
Project("{8BC9CEB8-8B4A-11D0-8D11-00A0C91BC942}") = "Demo6_Filters", "Demo6_Filters\Demo6_Filters.vcxproj", "{E3EB0DAD-5304-4589-989E-FBFEA4977B54}"
EndProject
Global
	GlobalSection(SolutionConfigurationPlatforms) = preSolution
		Debug|x64 = Debug|x64
		Release|x64 = Release|x64
	EndGlobalSection
	GlobalSection(ProjectConfigurationPlatforms) = postSolution
		{44DEA5F3-99FE-48B1-8237-8DD795B1FAD8}.Debug|x64.ActiveCfg = Debug|x64
		{44DEA5F3-99FE-48B1-8237-8DD795B1FAD8}.Debug|x64.Build.0 = Debug|x64
		{44DEA5F3-99FE-48B1-8237-8DD795B1FAD8}.Release|x64.ActiveCfg = Release|x64
		{44DEA5F3-99FE-48B1-8237-8DD795B1FAD8}.Release|x64.Build.0 = Release|x64
		{F0408112-D140-4AD4-84B5-DE77ABA83C1C}.Debug|x64.ActiveCfg = Debug|x64
		{F0408112-D140-4AD4-84B5-DE77ABA83C1C}.Debug|x64.Build.0 = Debug|x64
		{F0408112-D140-4AD4-84B5-DE77ABA83C1C}.Release|x64.ActiveCfg = Release|x64
		{F0408112-D140-4AD4-84B5-DE77ABA83C1C}.Release|x64.Build.0 = Release|x64
		{D7FFC51A-9A83-471C-ABD5-F7301BF7B8C1}.Debug|x64.ActiveCfg = Debug|x64
		{D7FFC51A-9A83-471C-ABD5-F7301BF7B8C1}.Debug|x64.Build.0 = Debug|x64
		{D7FFC51A-9A83-471C-ABD5-F7301BF7B8C1}.Release|x64.ActiveCfg = Release|x64
		{D7FFC51A-9A83-471C-ABD5-F7301BF7B8C1}.Release|x64.Build.0 = Release|x64
		{C89FFA62-7911-4517-8EAB-E6A33FA131C8}.Debug|x64.ActiveCfg = Debug|x64
		{C89FFA62-7911-4517-8EAB-E6A33FA131C8}.Debug|x64.Build.0 = Debug|x64
		{C89FFA62-7911-4517-8EAB-E6A33FA131C8}.Release|x64.ActiveCfg = Release|x64
		{C89FFA62-7911-4517-8EAB-E6A33FA131C8}.Release|x64.Build.0 = Release|x64
		{D220E05B-5F25-48B2-8316-B466572C417C}.Debug|x64.ActiveCfg = Debug|x64
		{D220E05B-5F25-48B2-8316-B466572C417C}.Debug|x64.Build.0 = Debug|x64
		{D220E05B-5F25-48B2-8316-B466572C417C}.Release|x64.ActiveCfg = Release|x64
		{D220E05B-5F25-48B2-8316-B466572C417C}.Release|x64.Build.0 = Release|x64
		{5621E04E-F60A-46DB-AF47-4BDE3D5EACE9}.Debug|x64.ActiveCfg = Debug|x64
		{5621E04E-F60A-46DB-AF47-4BDE3D5EACE9}.Debug|x64.Build.0 = Debug|x64
		{5621E04E-F60A-46DB-AF47-4BDE3D5EACE9}.Release|x64.ActiveCfg = Release|x64
		{5621E04E-F60A-46DB-AF47-4BDE3D5EACE9}.Release|x64.Build.0 = Release|x64
		{E3EB0DAD-5304-4589-989E-FBFEA4977B54}.Debug|x64.ActiveCfg = Debug|x64
		{E3EB0DAD-5304-4589-989E-FBFEA4977B54}.Debug|x64.Build.0 = Debug|x64
		{E3EB0DAD-5304-4589-989E-FBFEA4977B54}.Release|x64.ActiveCfg = Release|x64
		{E3EB0DAD-5304-4589-989E-FBFEA4977B54}.Release|x64.Build.0 = Release|x64
	EndGlobalSection
	GlobalSection(SolutionProperties) = preSolution
		HideSolutionNode = FALSE
	EndGlobalSection
	GlobalSection(ExtensibilityGlobals) = postSolution
		SolutionGuid = {6A62D130-0D3F-4F23-B647-93AC94F62485}
	EndGlobalSection
EndGlobal
